
Microsoft Visual Studio Solution File, Format Version 12.00
# Visual Studio 14
VisualStudioVersion = 14.0.25420.1
MinimumVisualStudioVersion = 10.0.40219.1
Project("{FAE04EC0-301F-11D3-BF4B-00C04F79EFBC}") = "Malina.Antlr", "src\Malina.Antlr\Malina.Antlr.csproj", "{AFE59F0F-200A-44EE-A2EE-E0454A654563}"
EndProject
Project("{FAE04EC0-301F-11D3-BF4B-00C04F79EFBC}") = "Malina.DOM", "src\Malina.DOM\Malina.DOM.csproj", "{66E57A03-08AD-491B-9B1D-6CB4A0D37969}"
EndProject
Project("{FAE04EC0-301F-11D3-BF4B-00C04F79EFBC}") = "Malina.Parser", "src\Malina.Parser\Malina.Parser.csproj", "{78D74FB6-FADA-405B-9494-EDE7688491ED}"
	ProjectSection(ProjectDependencies) = postProject
		{66E57A03-08AD-491B-9B1D-6CB4A0D37969} = {66E57A03-08AD-491B-9B1D-6CB4A0D37969}
		{AFE59F0F-200A-44EE-A2EE-E0454A654563} = {AFE59F0F-200A-44EE-A2EE-E0454A654563}
	EndProjectSection
EndProject
Project("{FAE04EC0-301F-11D3-BF4B-00C04F79EFBC}") = "Malina.Parser.Tests", "src\Malina.Parser.Tests\Malina.Parser.Tests.csproj", "{66C5A6D0-FFDC-4DA6-9421-E6AE76E5718A}"
EndProject
Project("{FAE04EC0-301F-11D3-BF4B-00C04F79EFBC}") = "Malina.Parser.PerfomanceTests", "src\Malina.Parser.PerfomanceTests\Malina.Parser.PerfomanceTests.csproj", "{754BF2F1-7D39-4627-8851-68CB9A5EA050}"
EndProject
Project("{FAE04EC0-301F-11D3-BF4B-00C04F79EFBC}") = "Malina.DOM.Antlr", "src\Malina.DOM.Antlr\Malina.DOM.Antlr.csproj", "{902E7778-7DE3-4D1A-BEB7-9E13B8E525D2}"
EndProject
Project("{FAE04EC0-301F-11D3-BF4B-00C04F79EFBC}") = "Malina.Compiler", "src\Malina.Compiler\Malina.Compiler.csproj", "{6807E668-DA17-4871-9620-08682C940405}"
EndProject
Project("{FAE04EC0-301F-11D3-BF4B-00C04F79EFBC}") = "Malina.Console", "src\Malina.Console\Malina.Console.csproj", "{878C0CB0-9E45-4961-9347-8A7656BC60F1}"
EndProject
Project("{FAE04EC0-301F-11D3-BF4B-00C04F79EFBC}") = "Malina.Console.Tests", "src\Malina.Console.Tests\Malina.Console.Tests.csproj", "{FA7EF547-D386-4415-8363-7D6E99D8C870}"
EndProject
Project("{FAE04EC0-301F-11D3-BF4B-00C04F79EFBC}") = "Malina.Compiler.Tests", "src\Malina.Compiler.Tests\Malina.Compiler.Tests.csproj", "{FD22DBF6-4EC4-4742-916F-88EBB8E59008}"
EndProject
Global
	GlobalSection(SolutionConfigurationPlatforms) = preSolution
		Debug|Any CPU = Debug|Any CPU
		Debug|ARM = Debug|ARM
		Debug|x64 = Debug|x64
		Debug|x86 = Debug|x86
		Release|Any CPU = Release|Any CPU
		Release|ARM = Release|ARM
		Release|x64 = Release|x64
		Release|x86 = Release|x86
	EndGlobalSection
	GlobalSection(ProjectConfigurationPlatforms) = postSolution
		{AFE59F0F-200A-44EE-A2EE-E0454A654563}.Debug|Any CPU.ActiveCfg = Debug|Any CPU
		{AFE59F0F-200A-44EE-A2EE-E0454A654563}.Debug|Any CPU.Build.0 = Debug|Any CPU
		{AFE59F0F-200A-44EE-A2EE-E0454A654563}.Debug|ARM.ActiveCfg = Debug|Any CPU
		{AFE59F0F-200A-44EE-A2EE-E0454A654563}.Debug|ARM.Build.0 = Debug|Any CPU
		{AFE59F0F-200A-44EE-A2EE-E0454A654563}.Debug|x64.ActiveCfg = Debug|Any CPU
		{AFE59F0F-200A-44EE-A2EE-E0454A654563}.Debug|x64.Build.0 = Debug|Any CPU
		{AFE59F0F-200A-44EE-A2EE-E0454A654563}.Debug|x86.ActiveCfg = Debug|Any CPU
		{AFE59F0F-200A-44EE-A2EE-E0454A654563}.Debug|x86.Build.0 = Debug|Any CPU
		{AFE59F0F-200A-44EE-A2EE-E0454A654563}.Release|Any CPU.ActiveCfg = Release|Any CPU
		{AFE59F0F-200A-44EE-A2EE-E0454A654563}.Release|Any CPU.Build.0 = Release|Any CPU
		{AFE59F0F-200A-44EE-A2EE-E0454A654563}.Release|ARM.ActiveCfg = Release|Any CPU
		{AFE59F0F-200A-44EE-A2EE-E0454A654563}.Release|ARM.Build.0 = Release|Any CPU
		{AFE59F0F-200A-44EE-A2EE-E0454A654563}.Release|x64.ActiveCfg = Release|Any CPU
		{AFE59F0F-200A-44EE-A2EE-E0454A654563}.Release|x64.Build.0 = Release|Any CPU
		{AFE59F0F-200A-44EE-A2EE-E0454A654563}.Release|x86.ActiveCfg = Release|Any CPU
		{AFE59F0F-200A-44EE-A2EE-E0454A654563}.Release|x86.Build.0 = Release|Any CPU
		{66E57A03-08AD-491B-9B1D-6CB4A0D37969}.Debug|Any CPU.ActiveCfg = Debug|Any CPU
		{66E57A03-08AD-491B-9B1D-6CB4A0D37969}.Debug|Any CPU.Build.0 = Debug|Any CPU
		{66E57A03-08AD-491B-9B1D-6CB4A0D37969}.Debug|ARM.ActiveCfg = Debug|Any CPU
		{66E57A03-08AD-491B-9B1D-6CB4A0D37969}.Debug|ARM.Build.0 = Debug|Any CPU
		{66E57A03-08AD-491B-9B1D-6CB4A0D37969}.Debug|x64.ActiveCfg = Debug|Any CPU
		{66E57A03-08AD-491B-9B1D-6CB4A0D37969}.Debug|x64.Build.0 = Debug|Any CPU
		{66E57A03-08AD-491B-9B1D-6CB4A0D37969}.Debug|x86.ActiveCfg = Debug|Any CPU
		{66E57A03-08AD-491B-9B1D-6CB4A0D37969}.Debug|x86.Build.0 = Debug|Any CPU
		{66E57A03-08AD-491B-9B1D-6CB4A0D37969}.Release|Any CPU.ActiveCfg = Release|Any CPU
		{66E57A03-08AD-491B-9B1D-6CB4A0D37969}.Release|Any CPU.Build.0 = Release|Any CPU
		{66E57A03-08AD-491B-9B1D-6CB4A0D37969}.Release|ARM.ActiveCfg = Release|Any CPU
		{66E57A03-08AD-491B-9B1D-6CB4A0D37969}.Release|ARM.Build.0 = Release|Any CPU
		{66E57A03-08AD-491B-9B1D-6CB4A0D37969}.Release|x64.ActiveCfg = Release|Any CPU
		{66E57A03-08AD-491B-9B1D-6CB4A0D37969}.Release|x64.Build.0 = Release|Any CPU
		{66E57A03-08AD-491B-9B1D-6CB4A0D37969}.Release|x86.ActiveCfg = Release|Any CPU
		{66E57A03-08AD-491B-9B1D-6CB4A0D37969}.Release|x86.Build.0 = Release|Any CPU
		{78D74FB6-FADA-405B-9494-EDE7688491ED}.Debug|Any CPU.ActiveCfg = Debug|Any CPU
		{78D74FB6-FADA-405B-9494-EDE7688491ED}.Debug|Any CPU.Build.0 = Debug|Any CPU
		{78D74FB6-FADA-405B-9494-EDE7688491ED}.Debug|ARM.ActiveCfg = Debug|Any CPU
		{78D74FB6-FADA-405B-9494-EDE7688491ED}.Debug|ARM.Build.0 = Debug|Any CPU
		{78D74FB6-FADA-405B-9494-EDE7688491ED}.Debug|x64.ActiveCfg = Debug|Any CPU
		{78D74FB6-FADA-405B-9494-EDE7688491ED}.Debug|x64.Build.0 = Debug|Any CPU
		{78D74FB6-FADA-405B-9494-EDE7688491ED}.Debug|x86.ActiveCfg = Debug|Any CPU
		{78D74FB6-FADA-405B-9494-EDE7688491ED}.Debug|x86.Build.0 = Debug|Any CPU
		{78D74FB6-FADA-405B-9494-EDE7688491ED}.Release|Any CPU.ActiveCfg = Release|Any CPU
		{78D74FB6-FADA-405B-9494-EDE7688491ED}.Release|Any CPU.Build.0 = Release|Any CPU
		{78D74FB6-FADA-405B-9494-EDE7688491ED}.Release|ARM.ActiveCfg = Release|Any CPU
		{78D74FB6-FADA-405B-9494-EDE7688491ED}.Release|ARM.Build.0 = Release|Any CPU
		{78D74FB6-FADA-405B-9494-EDE7688491ED}.Release|x64.ActiveCfg = Release|Any CPU
		{78D74FB6-FADA-405B-9494-EDE7688491ED}.Release|x64.Build.0 = Release|Any CPU
		{78D74FB6-FADA-405B-9494-EDE7688491ED}.Release|x86.ActiveCfg = Release|Any CPU
		{78D74FB6-FADA-405B-9494-EDE7688491ED}.Release|x86.Build.0 = Release|Any CPU
		{66C5A6D0-FFDC-4DA6-9421-E6AE76E5718A}.Debug|Any CPU.ActiveCfg = Debug|Any CPU
		{66C5A6D0-FFDC-4DA6-9421-E6AE76E5718A}.Debug|Any CPU.Build.0 = Debug|Any CPU
		{66C5A6D0-FFDC-4DA6-9421-E6AE76E5718A}.Debug|ARM.ActiveCfg = Debug|Any CPU
		{66C5A6D0-FFDC-4DA6-9421-E6AE76E5718A}.Debug|ARM.Build.0 = Debug|Any CPU
		{66C5A6D0-FFDC-4DA6-9421-E6AE76E5718A}.Debug|x64.ActiveCfg = Debug|Any CPU
		{66C5A6D0-FFDC-4DA6-9421-E6AE76E5718A}.Debug|x64.Build.0 = Debug|Any CPU
		{66C5A6D0-FFDC-4DA6-9421-E6AE76E5718A}.Debug|x86.ActiveCfg = Debug|Any CPU
		{66C5A6D0-FFDC-4DA6-9421-E6AE76E5718A}.Debug|x86.Build.0 = Debug|Any CPU
		{66C5A6D0-FFDC-4DA6-9421-E6AE76E5718A}.Release|Any CPU.ActiveCfg = Release|Any CPU
		{66C5A6D0-FFDC-4DA6-9421-E6AE76E5718A}.Release|Any CPU.Build.0 = Release|Any CPU
		{66C5A6D0-FFDC-4DA6-9421-E6AE76E5718A}.Release|ARM.ActiveCfg = Release|Any CPU
		{66C5A6D0-FFDC-4DA6-9421-E6AE76E5718A}.Release|ARM.Build.0 = Release|Any CPU
		{66C5A6D0-FFDC-4DA6-9421-E6AE76E5718A}.Release|x64.ActiveCfg = Release|Any CPU
		{66C5A6D0-FFDC-4DA6-9421-E6AE76E5718A}.Release|x64.Build.0 = Release|Any CPU
		{66C5A6D0-FFDC-4DA6-9421-E6AE76E5718A}.Release|x86.ActiveCfg = Release|Any CPU
		{66C5A6D0-FFDC-4DA6-9421-E6AE76E5718A}.Release|x86.Build.0 = Release|Any CPU
		{754BF2F1-7D39-4627-8851-68CB9A5EA050}.Debug|Any CPU.ActiveCfg = Debug|Any CPU
		{754BF2F1-7D39-4627-8851-68CB9A5EA050}.Debug|Any CPU.Build.0 = Debug|Any CPU
		{754BF2F1-7D39-4627-8851-68CB9A5EA050}.Debug|ARM.ActiveCfg = Debug|Any CPU
		{754BF2F1-7D39-4627-8851-68CB9A5EA050}.Debug|ARM.Build.0 = Debug|Any CPU
		{754BF2F1-7D39-4627-8851-68CB9A5EA050}.Debug|x64.ActiveCfg = Debug|Any CPU
		{754BF2F1-7D39-4627-8851-68CB9A5EA050}.Debug|x64.Build.0 = Debug|Any CPU
		{754BF2F1-7D39-4627-8851-68CB9A5EA050}.Debug|x86.ActiveCfg = Debug|Any CPU
		{754BF2F1-7D39-4627-8851-68CB9A5EA050}.Debug|x86.Build.0 = Debug|Any CPU
		{754BF2F1-7D39-4627-8851-68CB9A5EA050}.Release|Any CPU.ActiveCfg = Release|Any CPU
		{754BF2F1-7D39-4627-8851-68CB9A5EA050}.Release|Any CPU.Build.0 = Release|Any CPU
		{754BF2F1-7D39-4627-8851-68CB9A5EA050}.Release|ARM.ActiveCfg = Release|Any CPU
		{754BF2F1-7D39-4627-8851-68CB9A5EA050}.Release|ARM.Build.0 = Release|Any CPU
		{754BF2F1-7D39-4627-8851-68CB9A5EA050}.Release|x64.ActiveCfg = Release|Any CPU
		{754BF2F1-7D39-4627-8851-68CB9A5EA050}.Release|x64.Build.0 = Release|Any CPU
		{754BF2F1-7D39-4627-8851-68CB9A5EA050}.Release|x86.ActiveCfg = Release|Any CPU
		{754BF2F1-7D39-4627-8851-68CB9A5EA050}.Release|x86.Build.0 = Release|Any CPU
		{902E7778-7DE3-4D1A-BEB7-9E13B8E525D2}.Debug|Any CPU.ActiveCfg = Debug|Any CPU
		{902E7778-7DE3-4D1A-BEB7-9E13B8E525D2}.Debug|Any CPU.Build.0 = Debug|Any CPU
		{902E7778-7DE3-4D1A-BEB7-9E13B8E525D2}.Debug|ARM.ActiveCfg = Debug|Any CPU
		{902E7778-7DE3-4D1A-BEB7-9E13B8E525D2}.Debug|ARM.Build.0 = Debug|Any CPU
		{902E7778-7DE3-4D1A-BEB7-9E13B8E525D2}.Debug|x64.ActiveCfg = Debug|Any CPU
		{902E7778-7DE3-4D1A-BEB7-9E13B8E525D2}.Debug|x64.Build.0 = Debug|Any CPU
		{902E7778-7DE3-4D1A-BEB7-9E13B8E525D2}.Debug|x86.ActiveCfg = Debug|Any CPU
		{902E7778-7DE3-4D1A-BEB7-9E13B8E525D2}.Debug|x86.Build.0 = Debug|Any CPU
		{902E7778-7DE3-4D1A-BEB7-9E13B8E525D2}.Release|Any CPU.ActiveCfg = Release|Any CPU
		{902E7778-7DE3-4D1A-BEB7-9E13B8E525D2}.Release|Any CPU.Build.0 = Release|Any CPU
		{902E7778-7DE3-4D1A-BEB7-9E13B8E525D2}.Release|ARM.ActiveCfg = Release|Any CPU
		{902E7778-7DE3-4D1A-BEB7-9E13B8E525D2}.Release|ARM.Build.0 = Release|Any CPU
		{902E7778-7DE3-4D1A-BEB7-9E13B8E525D2}.Release|x64.ActiveCfg = Release|Any CPU
		{902E7778-7DE3-4D1A-BEB7-9E13B8E525D2}.Release|x64.Build.0 = Release|Any CPU
		{902E7778-7DE3-4D1A-BEB7-9E13B8E525D2}.Release|x86.ActiveCfg = Release|Any CPU
		{902E7778-7DE3-4D1A-BEB7-9E13B8E525D2}.Release|x86.Build.0 = Release|Any CPU
		{6807E668-DA17-4871-9620-08682C940405}.Debug|Any CPU.ActiveCfg = Debug|Any CPU
		{6807E668-DA17-4871-9620-08682C940405}.Debug|Any CPU.Build.0 = Debug|Any CPU
		{6807E668-DA17-4871-9620-08682C940405}.Debug|ARM.ActiveCfg = Debug|Any CPU
		{6807E668-DA17-4871-9620-08682C940405}.Debug|ARM.Build.0 = Debug|Any CPU
		{6807E668-DA17-4871-9620-08682C940405}.Debug|x64.ActiveCfg = Debug|Any CPU
		{6807E668-DA17-4871-9620-08682C940405}.Debug|x64.Build.0 = Debug|Any CPU
		{6807E668-DA17-4871-9620-08682C940405}.Debug|x86.ActiveCfg = Debug|Any CPU
		{6807E668-DA17-4871-9620-08682C940405}.Debug|x86.Build.0 = Debug|Any CPU
		{6807E668-DA17-4871-9620-08682C940405}.Release|Any CPU.ActiveCfg = Release|Any CPU
		{6807E668-DA17-4871-9620-08682C940405}.Release|Any CPU.Build.0 = Release|Any CPU
		{6807E668-DA17-4871-9620-08682C940405}.Release|ARM.ActiveCfg = Release|Any CPU
		{6807E668-DA17-4871-9620-08682C940405}.Release|ARM.Build.0 = Release|Any CPU
		{6807E668-DA17-4871-9620-08682C940405}.Release|x64.ActiveCfg = Release|Any CPU
		{6807E668-DA17-4871-9620-08682C940405}.Release|x64.Build.0 = Release|Any CPU
		{6807E668-DA17-4871-9620-08682C940405}.Release|x86.ActiveCfg = Release|Any CPU
		{6807E668-DA17-4871-9620-08682C940405}.Release|x86.Build.0 = Release|Any CPU
		{878C0CB0-9E45-4961-9347-8A7656BC60F1}.Debug|Any CPU.ActiveCfg = Debug|Any CPU
		{878C0CB0-9E45-4961-9347-8A7656BC60F1}.Debug|Any CPU.Build.0 = Debug|Any CPU
		{878C0CB0-9E45-4961-9347-8A7656BC60F1}.Debug|ARM.ActiveCfg = Debug|Any CPU
		{878C0CB0-9E45-4961-9347-8A7656BC60F1}.Debug|ARM.Build.0 = Debug|Any CPU
		{878C0CB0-9E45-4961-9347-8A7656BC60F1}.Debug|x64.ActiveCfg = Debug|Any CPU
		{878C0CB0-9E45-4961-9347-8A7656BC60F1}.Debug|x64.Build.0 = Debug|Any CPU
		{878C0CB0-9E45-4961-9347-8A7656BC60F1}.Debug|x86.ActiveCfg = Debug|Any CPU
		{878C0CB0-9E45-4961-9347-8A7656BC60F1}.Debug|x86.Build.0 = Debug|Any CPU
		{878C0CB0-9E45-4961-9347-8A7656BC60F1}.Release|Any CPU.ActiveCfg = Release|Any CPU
		{878C0CB0-9E45-4961-9347-8A7656BC60F1}.Release|Any CPU.Build.0 = Release|Any CPU
		{878C0CB0-9E45-4961-9347-8A7656BC60F1}.Release|ARM.ActiveCfg = Release|Any CPU
		{878C0CB0-9E45-4961-9347-8A7656BC60F1}.Release|ARM.Build.0 = Release|Any CPU
		{878C0CB0-9E45-4961-9347-8A7656BC60F1}.Release|x64.ActiveCfg = Release|Any CPU
		{878C0CB0-9E45-4961-9347-8A7656BC60F1}.Release|x64.Build.0 = Release|Any CPU
		{878C0CB0-9E45-4961-9347-8A7656BC60F1}.Release|x86.ActiveCfg = Release|Any CPU
		{878C0CB0-9E45-4961-9347-8A7656BC60F1}.Release|x86.Build.0 = Release|Any CPU
		{FA7EF547-D386-4415-8363-7D6E99D8C870}.Debug|Any CPU.ActiveCfg = Debug|Any CPU
		{FA7EF547-D386-4415-8363-7D6E99D8C870}.Debug|Any CPU.Build.0 = Debug|Any CPU
		{FA7EF547-D386-4415-8363-7D6E99D8C870}.Debug|ARM.ActiveCfg = Debug|Any CPU
		{FA7EF547-D386-4415-8363-7D6E99D8C870}.Debug|ARM.Build.0 = Debug|Any CPU
		{FA7EF547-D386-4415-8363-7D6E99D8C870}.Debug|x64.ActiveCfg = Debug|Any CPU
		{FA7EF547-D386-4415-8363-7D6E99D8C870}.Debug|x64.Build.0 = Debug|Any CPU
		{FA7EF547-D386-4415-8363-7D6E99D8C870}.Debug|x86.ActiveCfg = Debug|Any CPU
		{FA7EF547-D386-4415-8363-7D6E99D8C870}.Debug|x86.Build.0 = Debug|Any CPU
		{FA7EF547-D386-4415-8363-7D6E99D8C870}.Release|Any CPU.ActiveCfg = Release|Any CPU
		{FA7EF547-D386-4415-8363-7D6E99D8C870}.Release|Any CPU.Build.0 = Release|Any CPU
		{FA7EF547-D386-4415-8363-7D6E99D8C870}.Release|ARM.ActiveCfg = Release|Any CPU
		{FA7EF547-D386-4415-8363-7D6E99D8C870}.Release|ARM.Build.0 = Release|Any CPU
		{FA7EF547-D386-4415-8363-7D6E99D8C870}.Release|x64.ActiveCfg = Release|Any CPU
		{FA7EF547-D386-4415-8363-7D6E99D8C870}.Release|x64.Build.0 = Release|Any CPU
		{FA7EF547-D386-4415-8363-7D6E99D8C870}.Release|x86.ActiveCfg = Release|Any CPU
		{FA7EF547-D386-4415-8363-7D6E99D8C870}.Release|x86.Build.0 = Release|Any CPU
		{FD22DBF6-4EC4-4742-916F-88EBB8E59008}.Debug|Any CPU.ActiveCfg = Debug|Any CPU
		{FD22DBF6-4EC4-4742-916F-88EBB8E59008}.Debug|Any CPU.Build.0 = Debug|Any CPU
		{FD22DBF6-4EC4-4742-916F-88EBB8E59008}.Debug|ARM.ActiveCfg = Debug|Any CPU
		{FD22DBF6-4EC4-4742-916F-88EBB8E59008}.Debug|ARM.Build.0 = Debug|Any CPU
		{FD22DBF6-4EC4-4742-916F-88EBB8E59008}.Debug|x64.ActiveCfg = Debug|Any CPU
		{FD22DBF6-4EC4-4742-916F-88EBB8E59008}.Debug|x64.Build.0 = Debug|Any CPU
		{FD22DBF6-4EC4-4742-916F-88EBB8E59008}.Debug|x86.ActiveCfg = Debug|Any CPU
		{FD22DBF6-4EC4-4742-916F-88EBB8E59008}.Debug|x86.Build.0 = Debug|Any CPU
		{FD22DBF6-4EC4-4742-916F-88EBB8E59008}.Release|Any CPU.ActiveCfg = Release|Any CPU
		{FD22DBF6-4EC4-4742-916F-88EBB8E59008}.Release|Any CPU.Build.0 = Release|Any CPU
		{FD22DBF6-4EC4-4742-916F-88EBB8E59008}.Release|ARM.ActiveCfg = Release|Any CPU
		{FD22DBF6-4EC4-4742-916F-88EBB8E59008}.Release|ARM.Build.0 = Release|Any CPU
		{FD22DBF6-4EC4-4742-916F-88EBB8E59008}.Release|x64.ActiveCfg = Release|Any CPU
		{FD22DBF6-4EC4-4742-916F-88EBB8E59008}.Release|x64.Build.0 = Release|Any CPU
		{FD22DBF6-4EC4-4742-916F-88EBB8E59008}.Release|x86.ActiveCfg = Release|Any CPU
		{FD22DBF6-4EC4-4742-916F-88EBB8E59008}.Release|x86.Build.0 = Release|Any CPU
	EndGlobalSection
	GlobalSection(SolutionProperties) = preSolution
		HideSolutionNode = FALSE
	EndGlobalSection
EndGlobal
